
Microsoft Visual Studio Solution File, Format Version 12.00
# Visual Studio Version 16
VisualStudioVersion = 16.0.31702.278
MinimumVisualStudioVersion = 10.0.40219.1
Project("{FAE04EC0-301F-11D3-BF4B-00C04F79EFBC}") = "ASPCore", "ASPCore\ASPCore.csproj", "{3A42D94F-44B8-40EC-9E5B-D473D4C948BB}"
EndProject
Global
	GlobalSection(SolutionConfigurationPlatforms) = preSolution
		Debug|Any CPU = Debug|Any CPU
		Release|Any CPU = Release|Any CPU
	EndGlobalSection
	GlobalSection(ProjectConfigurationPlatforms) = postSolution
		{3A42D94F-44B8-40EC-9E5B-D473D4C948BB}.Debug|Any CPU.ActiveCfg = Debug|Any CPU
		{3A42D94F-44B8-40EC-9E5B-D473D4C948BB}.Debug|Any CPU.Build.0 = Debug|Any CPU
		{3A42D94F-44B8-40EC-9E5B-D473D4C948BB}.Release|Any CPU.ActiveCfg = Release|Any CPU
		{3A42D94F-44B8-40EC-9E5B-D473D4C948BB}.Release|Any CPU.Build.0 = Release|Any CPU
	EndGlobalSection
	GlobalSection(SolutionProperties) = preSolution
		HideSolutionNode = FALSE
	EndGlobalSection
	GlobalSection(ExtensibilityGlobals) = postSolution
		SolutionGuid = {A5382B4D-92C9-487D-A14E-D6979BB5324C}
	EndGlobalSection
EndGlobal
